{
  "name": "@nicholaswmin/dyno",
  "version": "0.3.2",
  "lockfileVersion": 3,
  "requires": true,
  "packages": {
    "": {
      "name": "@nicholaswmin/dyno",
      "version": "0.3.2",
      "license": "MIT",
      "bin": {
        "init": "bin/create-simple-example.js",
        "init-cloud": "bin/create-cloud-example.js"
      },
      "devDependencies": {
        "globals": "^15.9.0"
      },
      "engines": {
        "node": ">=22.5.1"
      }
    },
    "node_modules/globals": {
      "version": "15.9.0",
      "resolved": "https://registry.npmjs.org/globals/-/globals-15.9.0.tgz",
      "integrity": "sha512-SmSKyLLKFbSr6rptvP8izbyxJL4ILwqO9Jg23UA0sDlGlu58V59D1//I3vlc0KJphVdUR7vMjHIplYnzBxorQA==",
      "dev": true,
      "license": "MIT",
      "engines": {
        "node": ">=18"
      },
      "funding": {
        "url": "https://github.com/sponsors/sindresorhus"
      }
    }
  }
}
